
Microsoft Visual Studio Solution File, Format Version 12.00
# Visual Studio 14
VisualStudioVersion = 14.0.23107.0
MinimumVisualStudioVersion = 10.0.40219.1
Project("{8BC9CEB8-8B4A-11D0-8D11-00A0C91BC942}") = "Engine", "Engine\Engine.vcxproj", "{4603B819-D295-4B5C-BC5D-6186D187D52A}"
EndProject
Project("{8BC9CEB8-8B4A-11D0-8D11-00A0C91BC942}") = "mathLibrary", "MathLibrary\mathLibrary.vcxproj", "{3D99F0B9-9C39-4DE6-A829-D81DD602C9EC}"
EndProject
Global
	GlobalSection(SolutionConfigurationPlatforms) = preSolution
		Debug|x86 = Debug|x86
		Release|x86 = Release|x86
	EndGlobalSection
	GlobalSection(ProjectConfigurationPlatforms) = postSolution
		{4603B819-D295-4B5C-BC5D-6186D187D52A}.Debug|x86.ActiveCfg = Debug|Win32
		{4603B819-D295-4B5C-BC5D-6186D187D52A}.Debug|x86.Build.0 = Debug|Win32
		{4603B819-D295-4B5C-BC5D-6186D187D52A}.Release|x86.ActiveCfg = Release|Win32
		{4603B819-D295-4B5C-BC5D-6186D187D52A}.Release|x86.Build.0 = Release|Win32
		{3D99F0B9-9C39-4DE6-A829-D81DD602C9EC}.Debug|x86.ActiveCfg = Debug|Win32
		{3D99F0B9-9C39-4DE6-A829-D81DD602C9EC}.Debug|x86.Build.0 = Debug|Win32
		{3D99F0B9-9C39-4DE6-A829-D81DD602C9EC}.Release|x86.ActiveCfg = Release|Win32
		{3D99F0B9-9C39-4DE6-A829-D81DD602C9EC}.Release|x86.Build.0 = Release|Win32
	EndGlobalSection
	GlobalSection(SolutionProperties) = preSolution
		HideSolutionNode = FALSE
	EndGlobalSection
EndGlobal
